
Microsoft Visual Studio Solution File, Format Version 12.00
# Visual Studio 15
VisualStudioVersion = 15.0.26228.9
MinimumVisualStudioVersion = 10.0.40219.1
Project("{FAE04EC0-301F-11D3-BF4B-00C04F79EFBC}") = "Count3n5s", "Count3n5s\Count3n5s.csproj", "{BD6A0CE7-D46F-43EC-B9E1-6312B0E0B252}"
EndProject
Project("{FAE04EC0-301F-11D3-BF4B-00C04F79EFBC}") = "FibonacciSum", "FibonacciSum\FibonacciSum.csproj", "{783107F7-FA3D-4827-A495-C169F9C84D7C}"
EndProject
Project("{FAE04EC0-301F-11D3-BF4B-00C04F79EFBC}") = "LargestPrimeFactor", "LargestPrimeFactor\LargestPrimeFactor.csproj", "{61FCDB30-CD00-4ECC-ABA6-F594FEBAFB3D}"
EndProject
Project("{FAE04EC0-301F-11D3-BF4B-00C04F79EFBC}") = "PalindromeNumbers", "PalindromeNumbers\PalindromeNumbers.csproj", "{8EC2EC25-E070-47AE-905A-2B3EA8731752}"
EndProject
Project("{FAE04EC0-301F-11D3-BF4B-00C04F79EFBC}") = "SmallestMultipleDivision", "SmallestMultipleDivision\SmallestMultipleDivision.csproj", "{B95F4C98-60BA-475A-A106-C00D48D16CB4}"
EndProject
Project("{FAE04EC0-301F-11D3-BF4B-00C04F79EFBC}") = "SumSquareDiff", "SumSquareDiff\SumSquareDiff.csproj", "{71494F2D-6E80-41DA-B136-996DB526EA27}"
EndProject
Project("{FAE04EC0-301F-11D3-BF4B-00C04F79EFBC}") = "AggregateTest", "AggregateTest\AggregateTest.csproj", "{D738224D-80EE-4E63-BC9D-9D3B7B79FE51}"
EndProject
Global
	GlobalSection(SolutionConfigurationPlatforms) = preSolution
		Debug|Any CPU = Debug|Any CPU
		Release|Any CPU = Release|Any CPU
	EndGlobalSection
	GlobalSection(ProjectConfigurationPlatforms) = postSolution
		{BD6A0CE7-D46F-43EC-B9E1-6312B0E0B252}.Debug|Any CPU.ActiveCfg = Debug|Any CPU
		{BD6A0CE7-D46F-43EC-B9E1-6312B0E0B252}.Debug|Any CPU.Build.0 = Debug|Any CPU
		{BD6A0CE7-D46F-43EC-B9E1-6312B0E0B252}.Release|Any CPU.ActiveCfg = Release|Any CPU
		{BD6A0CE7-D46F-43EC-B9E1-6312B0E0B252}.Release|Any CPU.Build.0 = Release|Any CPU
		{783107F7-FA3D-4827-A495-C169F9C84D7C}.Debug|Any CPU.ActiveCfg = Debug|Any CPU
		{783107F7-FA3D-4827-A495-C169F9C84D7C}.Debug|Any CPU.Build.0 = Debug|Any CPU
		{783107F7-FA3D-4827-A495-C169F9C84D7C}.Release|Any CPU.ActiveCfg = Release|Any CPU
		{783107F7-FA3D-4827-A495-C169F9C84D7C}.Release|Any CPU.Build.0 = Release|Any CPU
		{61FCDB30-CD00-4ECC-ABA6-F594FEBAFB3D}.Debug|Any CPU.ActiveCfg = Debug|Any CPU
		{61FCDB30-CD00-4ECC-ABA6-F594FEBAFB3D}.Debug|Any CPU.Build.0 = Debug|Any CPU
		{61FCDB30-CD00-4ECC-ABA6-F594FEBAFB3D}.Release|Any CPU.ActiveCfg = Release|Any CPU
		{61FCDB30-CD00-4ECC-ABA6-F594FEBAFB3D}.Release|Any CPU.Build.0 = Release|Any CPU
		{8EC2EC25-E070-47AE-905A-2B3EA8731752}.Debug|Any CPU.ActiveCfg = Debug|Any CPU
		{8EC2EC25-E070-47AE-905A-2B3EA8731752}.Debug|Any CPU.Build.0 = Debug|Any CPU
		{8EC2EC25-E070-47AE-905A-2B3EA8731752}.Release|Any CPU.ActiveCfg = Release|Any CPU
		{8EC2EC25-E070-47AE-905A-2B3EA8731752}.Release|Any CPU.Build.0 = Release|Any CPU
		{B95F4C98-60BA-475A-A106-C00D48D16CB4}.Debug|Any CPU.ActiveCfg = Debug|Any CPU
		{B95F4C98-60BA-475A-A106-C00D48D16CB4}.Debug|Any CPU.Build.0 = Debug|Any CPU
		{B95F4C98-60BA-475A-A106-C00D48D16CB4}.Release|Any CPU.ActiveCfg = Release|Any CPU
		{B95F4C98-60BA-475A-A106-C00D48D16CB4}.Release|Any CPU.Build.0 = Release|Any CPU
		{71494F2D-6E80-41DA-B136-996DB526EA27}.Debug|Any CPU.ActiveCfg = Debug|Any CPU
		{71494F2D-6E80-41DA-B136-996DB526EA27}.Debug|Any CPU.Build.0 = Debug|Any CPU
		{71494F2D-6E80-41DA-B136-996DB526EA27}.Release|Any CPU.ActiveCfg = Release|Any CPU
		{71494F2D-6E80-41DA-B136-996DB526EA27}.Release|Any CPU.Build.0 = Release|Any CPU
		{D738224D-80EE-4E63-BC9D-9D3B7B79FE51}.Debug|Any CPU.ActiveCfg = Debug|Any CPU
		{D738224D-80EE-4E63-BC9D-9D3B7B79FE51}.Debug|Any CPU.Build.0 = Debug|Any CPU
		{D738224D-80EE-4E63-BC9D-9D3B7B79FE51}.Release|Any CPU.ActiveCfg = Release|Any CPU
		{D738224D-80EE-4E63-BC9D-9D3B7B79FE51}.Release|Any CPU.Build.0 = Release|Any CPU
	EndGlobalSection
	GlobalSection(SolutionProperties) = preSolution
		HideSolutionNode = FALSE
	EndGlobalSection
EndGlobal
