
Microsoft Visual Studio Solution File, Format Version 12.00
# Visual Studio 15
VisualStudioVersion = 15.0.26228.9
MinimumVisualStudioVersion = 10.0.40219.1
Project("{FAE04EC0-301F-11D3-BF4B-00C04F79EFBC}") = "Count3n5s", "Count3n5s\Count3n5s.csproj", "{BD6A0CE7-D46F-43EC-B9E1-6312B0E0B252}"
EndProject
Project("{FAE04EC0-301F-11D3-BF4B-00C04F79EFBC}") = "FibonacciSum", "FibonacciSum\FibonacciSum.csproj", "{783107F7-FA3D-4827-A495-C169F9C84D7C}"
EndProject
Project("{FAE04EC0-301F-11D3-BF4B-00C04F79EFBC}") = "LargestPrimeFactor", "LargestPrimeFactor\LargestPrimeFactor.csproj", "{61FCDB30-CD00-4ECC-ABA6-F594FEBAFB3D}"
EndProject
Project("{FAE04EC0-301F-11D3-BF4B-00C04F79EFBC}") = "PalindromeNumbers", "PalindromeNumbers\PalindromeNumbers.csproj", "{8EC2EC25-E070-47AE-905A-2B3EA8731752}"
EndProject
Project("{FAE04EC0-301F-11D3-BF4B-00C04F79EFBC}") = "SmallestMultipleDivision", "SmallestMultipleDivision\SmallestMultipleDivision.csproj", "{B95F4C98-60BA-475A-A106-C00D48D16CB4}"
EndProject
Project("{FAE04EC0-301F-11D3-BF4B-00C04F79EFBC}") = "SumSquareDiff", "SumSquareDiff\SumSquareDiff.csproj", "{71494F2D-6E80-41DA-B136-996DB526EA27}"
EndProject
Project("{FAE04EC0-301F-11D3-BF4B-00C04F79EFBC}") = "AggregateTest", "AggregateTest\AggregateTest.csproj", "{D738224D-80EE-4E63-BC9D-9D3B7B79FE51}"
EndProject
Project("{FAE04EC0-301F-11D3-BF4B-00C04F79EFBC}") = "the10001stPrime", "the10001stPrime\the10001stPrime.csproj", "{23C885CC-1479-4302-8058-609640C62558}"
EndProject
Project("{FAE04EC0-301F-11D3-BF4B-00C04F79EFBC}") = "AdjacentDigitProduct", "AdjacentDigitProduct\AdjacentDigitProduct.csproj", "{BF52B9EB-04E9-43E7-A8EB-FC4B9B418344}"
EndProject
Project("{8BC9CEB8-8B4A-11D0-8D11-00A0C91BC942}") = "LatticePaths", "LatticePaths\LatticePaths.vcxproj", "{C5CDE962-8335-42A9-A2C2-56741C0A518D}"
EndProject
Project("{8BC9CEB8-8B4A-11D0-8D11-00A0C91BC942}") = "LatticePath_test", "LatticePath_test\LatticePath_test.vcxproj", "{3CA3A807-1F49-4A62-AA03-667B1958566B}"
EndProject
Project("{8BC9CEB8-8B4A-11D0-8D11-00A0C91BC942}") = "PowerDigitSum", "PowerDigitSum\PowerDigitSum.vcxproj", "{5BB94599-062B-4CF5-81C1-8DDABBBCF99D}"
EndProject
Project("{8BC9CEB8-8B4A-11D0-8D11-00A0C91BC942}") = "PowerDigitSum_test", "PowerDigitSum_test\PowerDigitSum_test.vcxproj", "{04A75CB6-CE17-4B45-9B5A-C35EB3DE11BC}"
EndProject
Global
	GlobalSection(SolutionConfigurationPlatforms) = preSolution
		Debug|Any CPU = Debug|Any CPU
		Debug|x64 = Debug|x64
		Release|Any CPU = Release|Any CPU
		Release|x64 = Release|x64
	EndGlobalSection
	GlobalSection(ProjectConfigurationPlatforms) = postSolution
		{BD6A0CE7-D46F-43EC-B9E1-6312B0E0B252}.Debug|Any CPU.ActiveCfg = Debug|Any CPU
		{BD6A0CE7-D46F-43EC-B9E1-6312B0E0B252}.Debug|Any CPU.Build.0 = Debug|Any CPU
		{BD6A0CE7-D46F-43EC-B9E1-6312B0E0B252}.Debug|x64.ActiveCfg = Debug|Any CPU
		{BD6A0CE7-D46F-43EC-B9E1-6312B0E0B252}.Release|Any CPU.ActiveCfg = Release|Any CPU
		{BD6A0CE7-D46F-43EC-B9E1-6312B0E0B252}.Release|Any CPU.Build.0 = Release|Any CPU
		{BD6A0CE7-D46F-43EC-B9E1-6312B0E0B252}.Release|x64.ActiveCfg = Release|Any CPU
		{783107F7-FA3D-4827-A495-C169F9C84D7C}.Debug|Any CPU.ActiveCfg = Debug|Any CPU
		{783107F7-FA3D-4827-A495-C169F9C84D7C}.Debug|Any CPU.Build.0 = Debug|Any CPU
		{783107F7-FA3D-4827-A495-C169F9C84D7C}.Debug|x64.ActiveCfg = Debug|Any CPU
		{783107F7-FA3D-4827-A495-C169F9C84D7C}.Release|Any CPU.ActiveCfg = Release|Any CPU
		{783107F7-FA3D-4827-A495-C169F9C84D7C}.Release|Any CPU.Build.0 = Release|Any CPU
		{783107F7-FA3D-4827-A495-C169F9C84D7C}.Release|x64.ActiveCfg = Release|Any CPU
		{61FCDB30-CD00-4ECC-ABA6-F594FEBAFB3D}.Debug|Any CPU.ActiveCfg = Debug|Any CPU
		{61FCDB30-CD00-4ECC-ABA6-F594FEBAFB3D}.Debug|Any CPU.Build.0 = Debug|Any CPU
		{61FCDB30-CD00-4ECC-ABA6-F594FEBAFB3D}.Debug|x64.ActiveCfg = Debug|Any CPU
		{61FCDB30-CD00-4ECC-ABA6-F594FEBAFB3D}.Release|Any CPU.ActiveCfg = Release|Any CPU
		{61FCDB30-CD00-4ECC-ABA6-F594FEBAFB3D}.Release|Any CPU.Build.0 = Release|Any CPU
		{61FCDB30-CD00-4ECC-ABA6-F594FEBAFB3D}.Release|x64.ActiveCfg = Release|Any CPU
		{8EC2EC25-E070-47AE-905A-2B3EA8731752}.Debug|Any CPU.ActiveCfg = Debug|Any CPU
		{8EC2EC25-E070-47AE-905A-2B3EA8731752}.Debug|Any CPU.Build.0 = Debug|Any CPU
		{8EC2EC25-E070-47AE-905A-2B3EA8731752}.Debug|x64.ActiveCfg = Debug|Any CPU
		{8EC2EC25-E070-47AE-905A-2B3EA8731752}.Release|Any CPU.ActiveCfg = Release|Any CPU
		{8EC2EC25-E070-47AE-905A-2B3EA8731752}.Release|Any CPU.Build.0 = Release|Any CPU
		{8EC2EC25-E070-47AE-905A-2B3EA8731752}.Release|x64.ActiveCfg = Release|Any CPU
		{B95F4C98-60BA-475A-A106-C00D48D16CB4}.Debug|Any CPU.ActiveCfg = Debug|Any CPU
		{B95F4C98-60BA-475A-A106-C00D48D16CB4}.Debug|Any CPU.Build.0 = Debug|Any CPU
		{B95F4C98-60BA-475A-A106-C00D48D16CB4}.Debug|x64.ActiveCfg = Debug|Any CPU
		{B95F4C98-60BA-475A-A106-C00D48D16CB4}.Release|Any CPU.ActiveCfg = Release|Any CPU
		{B95F4C98-60BA-475A-A106-C00D48D16CB4}.Release|Any CPU.Build.0 = Release|Any CPU
		{B95F4C98-60BA-475A-A106-C00D48D16CB4}.Release|x64.ActiveCfg = Release|Any CPU
		{71494F2D-6E80-41DA-B136-996DB526EA27}.Debug|Any CPU.ActiveCfg = Debug|Any CPU
		{71494F2D-6E80-41DA-B136-996DB526EA27}.Debug|Any CPU.Build.0 = Debug|Any CPU
		{71494F2D-6E80-41DA-B136-996DB526EA27}.Debug|x64.ActiveCfg = Debug|Any CPU
		{71494F2D-6E80-41DA-B136-996DB526EA27}.Release|Any CPU.ActiveCfg = Release|Any CPU
		{71494F2D-6E80-41DA-B136-996DB526EA27}.Release|Any CPU.Build.0 = Release|Any CPU
		{71494F2D-6E80-41DA-B136-996DB526EA27}.Release|x64.ActiveCfg = Release|Any CPU
		{D738224D-80EE-4E63-BC9D-9D3B7B79FE51}.Debug|Any CPU.ActiveCfg = Debug|Any CPU
		{D738224D-80EE-4E63-BC9D-9D3B7B79FE51}.Debug|Any CPU.Build.0 = Debug|Any CPU
		{D738224D-80EE-4E63-BC9D-9D3B7B79FE51}.Debug|x64.ActiveCfg = Debug|Any CPU
		{D738224D-80EE-4E63-BC9D-9D3B7B79FE51}.Release|Any CPU.ActiveCfg = Release|Any CPU
		{D738224D-80EE-4E63-BC9D-9D3B7B79FE51}.Release|Any CPU.Build.0 = Release|Any CPU
		{D738224D-80EE-4E63-BC9D-9D3B7B79FE51}.Release|x64.ActiveCfg = Release|Any CPU
		{23C885CC-1479-4302-8058-609640C62558}.Debug|Any CPU.ActiveCfg = Debug|Any CPU
		{23C885CC-1479-4302-8058-609640C62558}.Debug|Any CPU.Build.0 = Debug|Any CPU
		{23C885CC-1479-4302-8058-609640C62558}.Debug|x64.ActiveCfg = Debug|Any CPU
		{23C885CC-1479-4302-8058-609640C62558}.Release|Any CPU.ActiveCfg = Release|Any CPU
		{23C885CC-1479-4302-8058-609640C62558}.Release|Any CPU.Build.0 = Release|Any CPU
		{23C885CC-1479-4302-8058-609640C62558}.Release|x64.ActiveCfg = Release|Any CPU
		{23C885CC-1479-4302-8058-609640C62558}.Release|x64.Deploy.0 = Release|Any CPU
		{BF52B9EB-04E9-43E7-A8EB-FC4B9B418344}.Debug|Any CPU.ActiveCfg = Debug|Any CPU
		{BF52B9EB-04E9-43E7-A8EB-FC4B9B418344}.Debug|Any CPU.Build.0 = Debug|Any CPU
		{BF52B9EB-04E9-43E7-A8EB-FC4B9B418344}.Debug|x64.ActiveCfg = Debug|Any CPU
		{BF52B9EB-04E9-43E7-A8EB-FC4B9B418344}.Release|Any CPU.ActiveCfg = Release|Any CPU
		{BF52B9EB-04E9-43E7-A8EB-FC4B9B418344}.Release|Any CPU.Build.0 = Release|Any CPU
		{BF52B9EB-04E9-43E7-A8EB-FC4B9B418344}.Release|x64.ActiveCfg = Release|Any CPU
		{C5CDE962-8335-42A9-A2C2-56741C0A518D}.Debug|Any CPU.ActiveCfg = Debug|x64
		{C5CDE962-8335-42A9-A2C2-56741C0A518D}.Debug|x64.ActiveCfg = Debug|x64
		{C5CDE962-8335-42A9-A2C2-56741C0A518D}.Debug|x64.Build.0 = Debug|x64
		{C5CDE962-8335-42A9-A2C2-56741C0A518D}.Release|Any CPU.ActiveCfg = Release|x64
		{C5CDE962-8335-42A9-A2C2-56741C0A518D}.Release|x64.ActiveCfg = Release|x64
		{C5CDE962-8335-42A9-A2C2-56741C0A518D}.Release|x64.Build.0 = Release|x64
		{3CA3A807-1F49-4A62-AA03-667B1958566B}.Debug|Any CPU.ActiveCfg = Debug|x64
		{3CA3A807-1F49-4A62-AA03-667B1958566B}.Debug|x64.ActiveCfg = Debug|x64
		{3CA3A807-1F49-4A62-AA03-667B1958566B}.Debug|x64.Build.0 = Debug|x64
		{3CA3A807-1F49-4A62-AA03-667B1958566B}.Release|Any CPU.ActiveCfg = Release|x64
		{3CA3A807-1F49-4A62-AA03-667B1958566B}.Release|x64.ActiveCfg = Release|x64
		{3CA3A807-1F49-4A62-AA03-667B1958566B}.Release|x64.Build.0 = Release|x64
		{5BB94599-062B-4CF5-81C1-8DDABBBCF99D}.Debug|Any CPU.ActiveCfg = Debug|x64
		{5BB94599-062B-4CF5-81C1-8DDABBBCF99D}.Debug|x64.ActiveCfg = Debug|x64
		{5BB94599-062B-4CF5-81C1-8DDABBBCF99D}.Debug|x64.Build.0 = Debug|x64
		{5BB94599-062B-4CF5-81C1-8DDABBBCF99D}.Release|Any CPU.ActiveCfg = Release|x64
		{5BB94599-062B-4CF5-81C1-8DDABBBCF99D}.Release|x64.ActiveCfg = Release|x64
		{5BB94599-062B-4CF5-81C1-8DDABBBCF99D}.Release|x64.Build.0 = Release|x64
		{04A75CB6-CE17-4B45-9B5A-C35EB3DE11BC}.Debug|Any CPU.ActiveCfg = Debug|x64
		{04A75CB6-CE17-4B45-9B5A-C35EB3DE11BC}.Debug|x64.ActiveCfg = Debug|x64
		{04A75CB6-CE17-4B45-9B5A-C35EB3DE11BC}.Debug|x64.Build.0 = Debug|x64
		{04A75CB6-CE17-4B45-9B5A-C35EB3DE11BC}.Release|Any CPU.ActiveCfg = Release|x64
		{04A75CB6-CE17-4B45-9B5A-C35EB3DE11BC}.Release|x64.ActiveCfg = Release|x64
		{04A75CB6-CE17-4B45-9B5A-C35EB3DE11BC}.Release|x64.Build.0 = Release|x64
	EndGlobalSection
	GlobalSection(SolutionProperties) = preSolution
		HideSolutionNode = FALSE
	EndGlobalSection
EndGlobal
